
Microsoft Visual Studio Solution File, Format Version 12.00
# Visual Studio 14
VisualStudioVersion = 14.0.24720.0
MinimumVisualStudioVersion = 10.0.40219.1
Project("{FAE04EC0-301F-11D3-BF4B-00C04F79EFBC}") = "MyGPS", "MyGPS\MyGPS.csproj", "{D30390E2-0D43-44E1-83EE-1C50E8195A91}"
EndProject
Project("{FAE04EC0-301F-11D3-BF4B-00C04F79EFBC}") = "TrackerDataStorage", "TrackerDataStorage\TrackerDataStorage.csproj", "{DFD330C8-AEAF-48E3-A980-1A6F00322CA6}"
EndProject
Project("{FAE04EC0-301F-11D3-BF4B-00C04F79EFBC}") = "TrackerObjects", "TrackerObjects\TrackerObjects.csproj", "{6369B141-C22B-4059-BF88-D30D5BD46BA9}"
EndProject
Project("{FAE04EC0-301F-11D3-BF4B-00C04F79EFBC}") = "GPSClientDataTest", "GPSClientDataTest\GPSClientDataTest.csproj", "{145830C0-6CBD-47E7-B994-DAE5F8A39773}"
EndProject
Project("{FAE04EC0-301F-11D3-BF4B-00C04F79EFBC}") = "ConsoleServer", "ConsoleServer\ConsoleServer.csproj", "{4AA94C1A-CCC1-4266-8A5B-55858FFC9540}"
EndProject
Project("{FAE04EC0-301F-11D3-BF4B-00C04F79EFBC}") = "WindowsFormsApplication1", "WindowsFormsApplication1\WindowsFormsApplication1.csproj", "{B7E87D1D-38E0-45FB-82FC-34BC680ADF71}"
EndProject
Project("{FAE04EC0-301F-11D3-BF4B-00C04F79EFBC}") = "AlertService", "AlertService\AlertService.csproj", "{F42BEA86-EB3B-46B1-87D0-20D9B00C5BE2}"
EndProject
Project("{FAE04EC0-301F-11D3-BF4B-00C04F79EFBC}") = "PlatformDataSink", "MyGPSPlatformDataCollectionService\PlatformDataSink.csproj", "{7D180D56-FA2B-491F-8541-FB0A4541D266}"
EndProject
Project("{6141683F-8A12-4E36-9623-2EB02B2C2303}") = "MyGPS Data Service Installer", "MyGPS Data Collection Service Installer\MyGPS Data Service Installer.isproj", "{CEFDDBC4-2998-410E-B1C5-9B699249E58B}"
	ProjectSection(ProjectDependencies) = postProject
		{7D180D56-FA2B-491F-8541-FB0A4541D266} = {7D180D56-FA2B-491F-8541-FB0A4541D266}
	EndProjectSection
EndProject
Project("{FAE04EC0-301F-11D3-BF4B-00C04F79EFBC}") = "RDLReportSample_2015", "..\..\..\..\AppData\Local\Syncfusion\ReportsSDK\Samples\ASP.NET\RDLReportSample\RDLReportSample_2015.csproj", "{2B6FC7D6-990F-4052-8996-C9C111D70681}"
EndProject
Project("{FAE04EC0-301F-11D3-BF4B-00C04F79EFBC}") = "PhonegapService", "PhonegapService\PhonegapService.csproj", "{A28BECFE-C104-4859-B3F7-36FAFB185311}"
EndProject
Global
	GlobalSection(SubversionScc) = preSolution
		Svn-Managed = True
		Manager = AnkhSVN - Subversion Support for Visual Studio
	EndGlobalSection
	GlobalSection(SolutionConfigurationPlatforms) = preSolution
		CD_ROM|Any CPU = CD_ROM|Any CPU
		Debug|Any CPU = Debug|Any CPU
		DVD-5|Any CPU = DVD-5|Any CPU
		Release|Any CPU = Release|Any CPU
		SingleImage|Any CPU = SingleImage|Any CPU
	EndGlobalSection
	GlobalSection(ProjectConfigurationPlatforms) = postSolution
		{D30390E2-0D43-44E1-83EE-1C50E8195A91}.CD_ROM|Any CPU.ActiveCfg = Release|Any CPU
		{D30390E2-0D43-44E1-83EE-1C50E8195A91}.CD_ROM|Any CPU.Build.0 = Release|Any CPU
		{D30390E2-0D43-44E1-83EE-1C50E8195A91}.Debug|Any CPU.ActiveCfg = Debug|Any CPU
		{D30390E2-0D43-44E1-83EE-1C50E8195A91}.Debug|Any CPU.Build.0 = Debug|Any CPU
		{D30390E2-0D43-44E1-83EE-1C50E8195A91}.DVD-5|Any CPU.ActiveCfg = Debug|Any CPU
		{D30390E2-0D43-44E1-83EE-1C50E8195A91}.DVD-5|Any CPU.Build.0 = Debug|Any CPU
		{D30390E2-0D43-44E1-83EE-1C50E8195A91}.Release|Any CPU.ActiveCfg = Release|Any CPU
		{D30390E2-0D43-44E1-83EE-1C50E8195A91}.Release|Any CPU.Build.0 = Release|Any CPU
		{D30390E2-0D43-44E1-83EE-1C50E8195A91}.SingleImage|Any CPU.ActiveCfg = Release|Any CPU
		{D30390E2-0D43-44E1-83EE-1C50E8195A91}.SingleImage|Any CPU.Build.0 = Release|Any CPU
		{DFD330C8-AEAF-48E3-A980-1A6F00322CA6}.CD_ROM|Any CPU.ActiveCfg = Release|Any CPU
		{DFD330C8-AEAF-48E3-A980-1A6F00322CA6}.CD_ROM|Any CPU.Build.0 = Release|Any CPU
		{DFD330C8-AEAF-48E3-A980-1A6F00322CA6}.Debug|Any CPU.ActiveCfg = Debug|Any CPU
		{DFD330C8-AEAF-48E3-A980-1A6F00322CA6}.Debug|Any CPU.Build.0 = Debug|Any CPU
		{DFD330C8-AEAF-48E3-A980-1A6F00322CA6}.DVD-5|Any CPU.ActiveCfg = Debug|Any CPU
		{DFD330C8-AEAF-48E3-A980-1A6F00322CA6}.DVD-5|Any CPU.Build.0 = Debug|Any CPU
		{DFD330C8-AEAF-48E3-A980-1A6F00322CA6}.Release|Any CPU.ActiveCfg = Release|Any CPU
		{DFD330C8-AEAF-48E3-A980-1A6F00322CA6}.Release|Any CPU.Build.0 = Release|Any CPU
		{DFD330C8-AEAF-48E3-A980-1A6F00322CA6}.SingleImage|Any CPU.ActiveCfg = Release|Any CPU
		{DFD330C8-AEAF-48E3-A980-1A6F00322CA6}.SingleImage|Any CPU.Build.0 = Release|Any CPU
		{6369B141-C22B-4059-BF88-D30D5BD46BA9}.CD_ROM|Any CPU.ActiveCfg = Release|Any CPU
		{6369B141-C22B-4059-BF88-D30D5BD46BA9}.CD_ROM|Any CPU.Build.0 = Release|Any CPU
		{6369B141-C22B-4059-BF88-D30D5BD46BA9}.Debug|Any CPU.ActiveCfg = Debug|Any CPU
		{6369B141-C22B-4059-BF88-D30D5BD46BA9}.Debug|Any CPU.Build.0 = Debug|Any CPU
		{6369B141-C22B-4059-BF88-D30D5BD46BA9}.DVD-5|Any CPU.ActiveCfg = Debug|Any CPU
		{6369B141-C22B-4059-BF88-D30D5BD46BA9}.DVD-5|Any CPU.Build.0 = Debug|Any CPU
		{6369B141-C22B-4059-BF88-D30D5BD46BA9}.Release|Any CPU.ActiveCfg = Release|Any CPU
		{6369B141-C22B-4059-BF88-D30D5BD46BA9}.Release|Any CPU.Build.0 = Release|Any CPU
		{6369B141-C22B-4059-BF88-D30D5BD46BA9}.SingleImage|Any CPU.ActiveCfg = Release|Any CPU
		{6369B141-C22B-4059-BF88-D30D5BD46BA9}.SingleImage|Any CPU.Build.0 = Release|Any CPU
		{145830C0-6CBD-47E7-B994-DAE5F8A39773}.CD_ROM|Any CPU.ActiveCfg = Release|Any CPU
		{145830C0-6CBD-47E7-B994-DAE5F8A39773}.CD_ROM|Any CPU.Build.0 = Release|Any CPU
		{145830C0-6CBD-47E7-B994-DAE5F8A39773}.Debug|Any CPU.ActiveCfg = Debug|Any CPU
		{145830C0-6CBD-47E7-B994-DAE5F8A39773}.Debug|Any CPU.Build.0 = Debug|Any CPU
		{145830C0-6CBD-47E7-B994-DAE5F8A39773}.DVD-5|Any CPU.ActiveCfg = Debug|Any CPU
		{145830C0-6CBD-47E7-B994-DAE5F8A39773}.DVD-5|Any CPU.Build.0 = Debug|Any CPU
		{145830C0-6CBD-47E7-B994-DAE5F8A39773}.Release|Any CPU.ActiveCfg = Release|Any CPU
		{145830C0-6CBD-47E7-B994-DAE5F8A39773}.Release|Any CPU.Build.0 = Release|Any CPU
		{145830C0-6CBD-47E7-B994-DAE5F8A39773}.SingleImage|Any CPU.ActiveCfg = Release|Any CPU
		{145830C0-6CBD-47E7-B994-DAE5F8A39773}.SingleImage|Any CPU.Build.0 = Release|Any CPU
		{4AA94C1A-CCC1-4266-8A5B-55858FFC9540}.CD_ROM|Any CPU.ActiveCfg = Release|Any CPU
		{4AA94C1A-CCC1-4266-8A5B-55858FFC9540}.CD_ROM|Any CPU.Build.0 = Release|Any CPU
		{4AA94C1A-CCC1-4266-8A5B-55858FFC9540}.Debug|Any CPU.ActiveCfg = Debug|Any CPU
		{4AA94C1A-CCC1-4266-8A5B-55858FFC9540}.Debug|Any CPU.Build.0 = Debug|Any CPU
		{4AA94C1A-CCC1-4266-8A5B-55858FFC9540}.DVD-5|Any CPU.ActiveCfg = Debug|Any CPU
		{4AA94C1A-CCC1-4266-8A5B-55858FFC9540}.DVD-5|Any CPU.Build.0 = Debug|Any CPU
		{4AA94C1A-CCC1-4266-8A5B-55858FFC9540}.Release|Any CPU.ActiveCfg = Release|Any CPU
		{4AA94C1A-CCC1-4266-8A5B-55858FFC9540}.Release|Any CPU.Build.0 = Release|Any CPU
		{4AA94C1A-CCC1-4266-8A5B-55858FFC9540}.SingleImage|Any CPU.ActiveCfg = Release|Any CPU
		{4AA94C1A-CCC1-4266-8A5B-55858FFC9540}.SingleImage|Any CPU.Build.0 = Release|Any CPU
		{B7E87D1D-38E0-45FB-82FC-34BC680ADF71}.CD_ROM|Any CPU.ActiveCfg = Release|Any CPU
		{B7E87D1D-38E0-45FB-82FC-34BC680ADF71}.CD_ROM|Any CPU.Build.0 = Release|Any CPU
		{B7E87D1D-38E0-45FB-82FC-34BC680ADF71}.Debug|Any CPU.ActiveCfg = Debug|Any CPU
		{B7E87D1D-38E0-45FB-82FC-34BC680ADF71}.Debug|Any CPU.Build.0 = Debug|Any CPU
		{B7E87D1D-38E0-45FB-82FC-34BC680ADF71}.DVD-5|Any CPU.ActiveCfg = Debug|Any CPU
		{B7E87D1D-38E0-45FB-82FC-34BC680ADF71}.DVD-5|Any CPU.Build.0 = Debug|Any CPU
		{B7E87D1D-38E0-45FB-82FC-34BC680ADF71}.Release|Any CPU.ActiveCfg = Release|Any CPU
		{B7E87D1D-38E0-45FB-82FC-34BC680ADF71}.Release|Any CPU.Build.0 = Release|Any CPU
		{B7E87D1D-38E0-45FB-82FC-34BC680ADF71}.SingleImage|Any CPU.ActiveCfg = Release|Any CPU
		{B7E87D1D-38E0-45FB-82FC-34BC680ADF71}.SingleImage|Any CPU.Build.0 = Release|Any CPU
		{F42BEA86-EB3B-46B1-87D0-20D9B00C5BE2}.CD_ROM|Any CPU.ActiveCfg = Release|Any CPU
		{F42BEA86-EB3B-46B1-87D0-20D9B00C5BE2}.CD_ROM|Any CPU.Build.0 = Release|Any CPU
		{F42BEA86-EB3B-46B1-87D0-20D9B00C5BE2}.Debug|Any CPU.ActiveCfg = Debug|Any CPU
		{F42BEA86-EB3B-46B1-87D0-20D9B00C5BE2}.Debug|Any CPU.Build.0 = Debug|Any CPU
		{F42BEA86-EB3B-46B1-87D0-20D9B00C5BE2}.DVD-5|Any CPU.ActiveCfg = Debug|Any CPU
		{F42BEA86-EB3B-46B1-87D0-20D9B00C5BE2}.DVD-5|Any CPU.Build.0 = Debug|Any CPU
		{F42BEA86-EB3B-46B1-87D0-20D9B00C5BE2}.Release|Any CPU.ActiveCfg = Release|Any CPU
		{F42BEA86-EB3B-46B1-87D0-20D9B00C5BE2}.Release|Any CPU.Build.0 = Release|Any CPU
		{F42BEA86-EB3B-46B1-87D0-20D9B00C5BE2}.SingleImage|Any CPU.ActiveCfg = Release|Any CPU
		{F42BEA86-EB3B-46B1-87D0-20D9B00C5BE2}.SingleImage|Any CPU.Build.0 = Release|Any CPU
		{7D180D56-FA2B-491F-8541-FB0A4541D266}.CD_ROM|Any CPU.ActiveCfg = Release|Any CPU
		{7D180D56-FA2B-491F-8541-FB0A4541D266}.CD_ROM|Any CPU.Build.0 = Release|Any CPU
		{7D180D56-FA2B-491F-8541-FB0A4541D266}.Debug|Any CPU.ActiveCfg = Debug|Any CPU
		{7D180D56-FA2B-491F-8541-FB0A4541D266}.Debug|Any CPU.Build.0 = Debug|Any CPU
		{7D180D56-FA2B-491F-8541-FB0A4541D266}.DVD-5|Any CPU.ActiveCfg = Debug|Any CPU
		{7D180D56-FA2B-491F-8541-FB0A4541D266}.DVD-5|Any CPU.Build.0 = Debug|Any CPU
		{7D180D56-FA2B-491F-8541-FB0A4541D266}.Release|Any CPU.ActiveCfg = Release|Any CPU
		{7D180D56-FA2B-491F-8541-FB0A4541D266}.Release|Any CPU.Build.0 = Release|Any CPU
		{7D180D56-FA2B-491F-8541-FB0A4541D266}.SingleImage|Any CPU.ActiveCfg = Release|Any CPU
		{7D180D56-FA2B-491F-8541-FB0A4541D266}.SingleImage|Any CPU.Build.0 = Release|Any CPU
		{CEFDDBC4-2998-410E-B1C5-9B699249E58B}.CD_ROM|Any CPU.ActiveCfg = CD_ROM
		{CEFDDBC4-2998-410E-B1C5-9B699249E58B}.CD_ROM|Any CPU.Build.0 = CD_ROM
		{CEFDDBC4-2998-410E-B1C5-9B699249E58B}.Debug|Any CPU.ActiveCfg = DVD-5
		{CEFDDBC4-2998-410E-B1C5-9B699249E58B}.Debug|Any CPU.Build.0 = DVD-5
		{CEFDDBC4-2998-410E-B1C5-9B699249E58B}.DVD-5|Any CPU.ActiveCfg = DVD-5
		{CEFDDBC4-2998-410E-B1C5-9B699249E58B}.DVD-5|Any CPU.Build.0 = DVD-5
		{CEFDDBC4-2998-410E-B1C5-9B699249E58B}.Release|Any CPU.ActiveCfg = SingleImage
		{CEFDDBC4-2998-410E-B1C5-9B699249E58B}.Release|Any CPU.Build.0 = SingleImage
		{CEFDDBC4-2998-410E-B1C5-9B699249E58B}.SingleImage|Any CPU.ActiveCfg = SingleImage
		{CEFDDBC4-2998-410E-B1C5-9B699249E58B}.SingleImage|Any CPU.Build.0 = SingleImage
		{2B6FC7D6-990F-4052-8996-C9C111D70681}.CD_ROM|Any CPU.ActiveCfg = Release|Any CPU
		{2B6FC7D6-990F-4052-8996-C9C111D70681}.CD_ROM|Any CPU.Build.0 = Release|Any CPU
		{2B6FC7D6-990F-4052-8996-C9C111D70681}.Debug|Any CPU.ActiveCfg = Debug|Any CPU
		{2B6FC7D6-990F-4052-8996-C9C111D70681}.Debug|Any CPU.Build.0 = Debug|Any CPU
		{2B6FC7D6-990F-4052-8996-C9C111D70681}.DVD-5|Any CPU.ActiveCfg = Debug|Any CPU
		{2B6FC7D6-990F-4052-8996-C9C111D70681}.DVD-5|Any CPU.Build.0 = Debug|Any CPU
		{2B6FC7D6-990F-4052-8996-C9C111D70681}.Release|Any CPU.ActiveCfg = Release|Any CPU
		{2B6FC7D6-990F-4052-8996-C9C111D70681}.Release|Any CPU.Build.0 = Release|Any CPU
		{2B6FC7D6-990F-4052-8996-C9C111D70681}.SingleImage|Any CPU.ActiveCfg = Release|Any CPU
		{2B6FC7D6-990F-4052-8996-C9C111D70681}.SingleImage|Any CPU.Build.0 = Release|Any CPU
		{A28BECFE-C104-4859-B3F7-36FAFB185311}.CD_ROM|Any CPU.ActiveCfg = Release|Any CPU
		{A28BECFE-C104-4859-B3F7-36FAFB185311}.CD_ROM|Any CPU.Build.0 = Release|Any CPU
		{A28BECFE-C104-4859-B3F7-36FAFB185311}.Debug|Any CPU.ActiveCfg = Debug|Any CPU
		{A28BECFE-C104-4859-B3F7-36FAFB185311}.Debug|Any CPU.Build.0 = Debug|Any CPU
		{A28BECFE-C104-4859-B3F7-36FAFB185311}.DVD-5|Any CPU.ActiveCfg = Debug|Any CPU
		{A28BECFE-C104-4859-B3F7-36FAFB185311}.DVD-5|Any CPU.Build.0 = Debug|Any CPU
		{A28BECFE-C104-4859-B3F7-36FAFB185311}.Release|Any CPU.ActiveCfg = Release|Any CPU
		{A28BECFE-C104-4859-B3F7-36FAFB185311}.Release|Any CPU.Build.0 = Release|Any CPU
		{A28BECFE-C104-4859-B3F7-36FAFB185311}.SingleImage|Any CPU.ActiveCfg = Release|Any CPU
		{A28BECFE-C104-4859-B3F7-36FAFB185311}.SingleImage|Any CPU.Build.0 = Release|Any CPU
	EndGlobalSection
	GlobalSection(SolutionProperties) = preSolution
		HideSolutionNode = FALSE
	EndGlobalSection
EndGlobal
